{
	"name": "motion-capture",
	"version": "1.0.0",
	"lockfileVersion": 3,
	"requires": true,
	"packages": {
		"": {
			"name": "motion-capture",
			"version": "1.0.0",
			"license": "ISC",
			"dependencies": {
				"@opentelemetry/exporter-metrics-otlp-http": "^0.57.2",
				"@opentelemetry/resources": "^1.30.1",
				"@opentelemetry/sdk-metrics": "^1.30.1",
				"@opentelemetry/semantic-conventions": "^1.30.0",
				"kalman-filter": "^2.3.0",
				"kalmanjs": "^1.1.0"
			},
			"devDependencies": {
				"esbuild": "^0.25.6",
				"typescript": "^5.8.3"
			}
		},
		"node_modules/@esbuild/aix-ppc64": {
			"version": "0.25.6",
			"resolved": "https://registry.npmjs.org/@esbuild/aix-ppc64/-/aix-ppc64-0.25.6.tgz",
			"integrity": "sha512-ShbM/3XxwuxjFiuVBHA+d3j5dyac0aEVVq1oluIDf71hUw0aRF59dV/efUsIwFnR6m8JNM2FjZOzmaZ8yG61kw==",
			"cpu": [
				"ppc64"
			],
			"dev": true,
			"license": "MIT",
			"optional": true,
			"os": [
				"aix"
			],
			"engines": {
				"node": ">=18"
			}
		},
		"node_modules/@esbuild/android-arm": {
			"version": "0.25.6",
			"resolved": "https://registry.npmjs.org/@esbuild/android-arm/-/android-arm-0.25.6.tgz",
			"integrity": "sha512-S8ToEOVfg++AU/bHwdksHNnyLyVM+eMVAOf6yRKFitnwnbwwPNqKr3srzFRe7nzV69RQKb5DgchIX5pt3L53xg==",
			"cpu": [
				"arm"
			],
			"dev": true,
			"license": "MIT",
			"optional": true,
			"os": [
				"android"
			],
			"engines": {
				"node": ">=18"
			}
		},
		"node_modules/@esbuild/android-arm64": {
			"version": "0.25.6",
			"resolved": "https://registry.npmjs.org/@esbuild/android-arm64/-/android-arm64-0.25.6.tgz",
			"integrity": "sha512-hd5zdUarsK6strW+3Wxi5qWws+rJhCCbMiC9QZyzoxfk5uHRIE8T287giQxzVpEvCwuJ9Qjg6bEjcRJcgfLqoA==",
			"cpu": [
				"arm64"
			],
			"dev": true,
			"license": "MIT",
			"optional": true,
			"os": [
				"android"
			],
			"engines": {
				"node": ">=18"
			}
		},
		"node_modules/@esbuild/android-x64": {
			"version": "0.25.6",
			"resolved": "https://registry.npmjs.org/@esbuild/android-x64/-/android-x64-0.25.6.tgz",
			"integrity": "sha512-0Z7KpHSr3VBIO9A/1wcT3NTy7EB4oNC4upJ5ye3R7taCc2GUdeynSLArnon5G8scPwaU866d3H4BCrE5xLW25A==",
			"cpu": [
				"x64"
			],
			"dev": true,
			"license": "MIT",
			"optional": true,
			"os": [
				"android"
			],
			"engines": {
				"node": ">=18"
			}
		},
		"node_modules/@esbuild/darwin-arm64": {
			"version": "0.25.6",
			"resolved": "https://registry.npmjs.org/@esbuild/darwin-arm64/-/darwin-arm64-0.25.6.tgz",
			"integrity": "sha512-FFCssz3XBavjxcFxKsGy2DYK5VSvJqa6y5HXljKzhRZ87LvEi13brPrf/wdyl/BbpbMKJNOr1Sd0jtW4Ge1pAA==",
			"cpu": [
				"arm64"
			],
			"dev": true,
			"license": "MIT",
			"optional": true,
			"os": [
				"darwin"
			],
			"engines": {
				"node": ">=18"
			}
		},
		"node_modules/@esbuild/darwin-x64": {
			"version": "0.25.6",
			"resolved": "https://registry.npmjs.org/@esbuild/darwin-x64/-/darwin-x64-0.25.6.tgz",
			"integrity": "sha512-GfXs5kry/TkGM2vKqK2oyiLFygJRqKVhawu3+DOCk7OxLy/6jYkWXhlHwOoTb0WqGnWGAS7sooxbZowy+pK9Yg==",
			"cpu": [
				"x64"
			],
			"dev": true,
			"license": "MIT",
			"optional": true,
			"os": [
				"darwin"
			],
			"engines": {
				"node": ">=18"
			}
		},
		"node_modules/@esbuild/freebsd-arm64": {
			"version": "0.25.6",
			"resolved": "https://registry.npmjs.org/@esbuild/freebsd-arm64/-/freebsd-arm64-0.25.6.tgz",
			"integrity": "sha512-aoLF2c3OvDn2XDTRvn8hN6DRzVVpDlj2B/F66clWd/FHLiHaG3aVZjxQX2DYphA5y/evbdGvC6Us13tvyt4pWg==",
			"cpu": [
				"arm64"
			],
			"dev": true,
			"license": "MIT",
			"optional": true,
			"os": [
				"freebsd"
			],
			"engines": {
				"node": ">=18"
			}
		},
		"node_modules/@esbuild/freebsd-x64": {
			"version": "0.25.6",
			"resolved": "https://registry.npmjs.org/@esbuild/freebsd-x64/-/freebsd-x64-0.25.6.tgz",
			"integrity": "sha512-2SkqTjTSo2dYi/jzFbU9Plt1vk0+nNg8YC8rOXXea+iA3hfNJWebKYPs3xnOUf9+ZWhKAaxnQNUf2X9LOpeiMQ==",
			"cpu": [
				"x64"
			],
			"dev": true,
			"license": "MIT",
			"optional": true,
			"os": [
				"freebsd"
			],
			"engines": {
				"node": ">=18"
			}
		},
		"node_modules/@esbuild/linux-arm": {
			"version": "0.25.6",
			"resolved": "https://registry.npmjs.org/@esbuild/linux-arm/-/linux-arm-0.25.6.tgz",
			"integrity": "sha512-SZHQlzvqv4Du5PrKE2faN0qlbsaW/3QQfUUc6yO2EjFcA83xnwm91UbEEVx4ApZ9Z5oG8Bxz4qPE+HFwtVcfyw==",
			"cpu": [
				"arm"
			],
			"dev": true,
			"license": "MIT",
			"optional": true,
			"os": [
				"linux"
			],
			"engines": {
				"node": ">=18"
			}
		},
		"node_modules/@esbuild/linux-arm64": {
			"version": "0.25.6",
			"resolved": "https://registry.npmjs.org/@esbuild/linux-arm64/-/linux-arm64-0.25.6.tgz",
			"integrity": "sha512-b967hU0gqKd9Drsh/UuAm21Khpoh6mPBSgz8mKRq4P5mVK8bpA+hQzmm/ZwGVULSNBzKdZPQBRT3+WuVavcWsQ==",
			"cpu": [
				"arm64"
			],
			"dev": true,
			"license": "MIT",
			"optional": true,
			"os": [
				"linux"
			],
			"engines": {
				"node": ">=18"
			}
		},
		"node_modules/@esbuild/linux-ia32": {
			"version": "0.25.6",
			"resolved": "https://registry.npmjs.org/@esbuild/linux-ia32/-/linux-ia32-0.25.6.tgz",
			"integrity": "sha512-aHWdQ2AAltRkLPOsKdi3xv0mZ8fUGPdlKEjIEhxCPm5yKEThcUjHpWB1idN74lfXGnZ5SULQSgtr5Qos5B0bPw==",
			"cpu": [
				"ia32"
			],
			"dev": true,
			"license": "MIT",
			"optional": true,
			"os": [
				"linux"
			],
			"engines": {
				"node": ">=18"
			}
		},
		"node_modules/@esbuild/linux-loong64": {
			"version": "0.25.6",
			"resolved": "https://registry.npmjs.org/@esbuild/linux-loong64/-/linux-loong64-0.25.6.tgz",
			"integrity": "sha512-VgKCsHdXRSQ7E1+QXGdRPlQ/e08bN6WMQb27/TMfV+vPjjTImuT9PmLXupRlC90S1JeNNW5lzkAEO/McKeJ2yg==",
			"cpu": [
				"loong64"
			],
			"dev": true,
			"license": "MIT",
			"optional": true,
			"os": [
				"linux"
			],
			"engines": {
				"node": ">=18"
			}
		},
		"node_modules/@esbuild/linux-mips64el": {
			"version": "0.25.6",
			"resolved": "https://registry.npmjs.org/@esbuild/linux-mips64el/-/linux-mips64el-0.25.6.tgz",
			"integrity": "sha512-WViNlpivRKT9/py3kCmkHnn44GkGXVdXfdc4drNmRl15zVQ2+D2uFwdlGh6IuK5AAnGTo2qPB1Djppj+t78rzw==",
			"cpu": [
				"mips64el"
			],
			"dev": true,
			"license": "MIT",
			"optional": true,
			"os": [
				"linux"
			],
			"engines": {
				"node": ">=18"
			}
		},
		"node_modules/@esbuild/linux-ppc64": {
			"version": "0.25.6",
			"resolved": "https://registry.npmjs.org/@esbuild/linux-ppc64/-/linux-ppc64-0.25.6.tgz",
			"integrity": "sha512-wyYKZ9NTdmAMb5730I38lBqVu6cKl4ZfYXIs31Baf8aoOtB4xSGi3THmDYt4BTFHk7/EcVixkOV2uZfwU3Q2Jw==",
			"cpu": [
				"ppc64"
			],
			"dev": true,
			"license": "MIT",
			"optional": true,
			"os": [
				"linux"
			],
			"engines": {
				"node": ">=18"
			}
		},
		"node_modules/@esbuild/linux-riscv64": {
			"version": "0.25.6",
			"resolved": "https://registry.npmjs.org/@esbuild/linux-riscv64/-/linux-riscv64-0.25.6.tgz",
			"integrity": "sha512-KZh7bAGGcrinEj4qzilJ4hqTY3Dg2U82c8bv+e1xqNqZCrCyc+TL9AUEn5WGKDzm3CfC5RODE/qc96OcbIe33w==",
			"cpu": [
				"riscv64"
			],
			"dev": true,
			"license": "MIT",
			"optional": true,
			"os": [
				"linux"
			],
			"engines": {
				"node": ">=18"
			}
		},
		"node_modules/@esbuild/linux-s390x": {
			"version": "0.25.6",
			"resolved": "https://registry.npmjs.org/@esbuild/linux-s390x/-/linux-s390x-0.25.6.tgz",
			"integrity": "sha512-9N1LsTwAuE9oj6lHMyyAM+ucxGiVnEqUdp4v7IaMmrwb06ZTEVCIs3oPPplVsnjPfyjmxwHxHMF8b6vzUVAUGw==",
			"cpu": [
				"s390x"
			],
			"dev": true,
			"license": "MIT",
			"optional": true,
			"os": [
				"linux"
			],
			"engines": {
				"node": ">=18"
			}
		},
		"node_modules/@esbuild/linux-x64": {
			"version": "0.25.6",
			"resolved": "https://registry.npmjs.org/@esbuild/linux-x64/-/linux-x64-0.25.6.tgz",
			"integrity": "sha512-A6bJB41b4lKFWRKNrWoP2LHsjVzNiaurf7wyj/XtFNTsnPuxwEBWHLty+ZE0dWBKuSK1fvKgrKaNjBS7qbFKig==",
			"cpu": [
				"x64"
			],
			"dev": true,
			"license": "MIT",
			"optional": true,
			"os": [
				"linux"
			],
			"engines": {
				"node": ">=18"
			}
		},
		"node_modules/@esbuild/netbsd-arm64": {
			"version": "0.25.6",
			"resolved": "https://registry.npmjs.org/@esbuild/netbsd-arm64/-/netbsd-arm64-0.25.6.tgz",
			"integrity": "sha512-IjA+DcwoVpjEvyxZddDqBY+uJ2Snc6duLpjmkXm/v4xuS3H+3FkLZlDm9ZsAbF9rsfP3zeA0/ArNDORZgrxR/Q==",
			"cpu": [
				"arm64"
			],
			"dev": true,
			"license": "MIT",
			"optional": true,
			"os": [
				"netbsd"
			],
			"engines": {
				"node": ">=18"
			}
		},
		"node_modules/@esbuild/netbsd-x64": {
			"version": "0.25.6",
			"resolved": "https://registry.npmjs.org/@esbuild/netbsd-x64/-/netbsd-x64-0.25.6.tgz",
			"integrity": "sha512-dUXuZr5WenIDlMHdMkvDc1FAu4xdWixTCRgP7RQLBOkkGgwuuzaGSYcOpW4jFxzpzL1ejb8yF620UxAqnBrR9g==",
			"cpu": [
				"x64"
			],
			"dev": true,
			"license": "MIT",
			"optional": true,
			"os": [
				"netbsd"
			],
			"engines": {
				"node": ">=18"
			}
		},
		"node_modules/@esbuild/openbsd-arm64": {
			"version": "0.25.6",
			"resolved": "https://registry.npmjs.org/@esbuild/openbsd-arm64/-/openbsd-arm64-0.25.6.tgz",
			"integrity": "sha512-l8ZCvXP0tbTJ3iaqdNf3pjaOSd5ex/e6/omLIQCVBLmHTlfXW3zAxQ4fnDmPLOB1x9xrcSi/xtCWFwCZRIaEwg==",
			"cpu": [
				"arm64"
			],
			"dev": true,
			"license": "MIT",
			"optional": true,
			"os": [
				"openbsd"
			],
			"engines": {
				"node": ">=18"
			}
		},
		"node_modules/@esbuild/openbsd-x64": {
			"version": "0.25.6",
			"resolved": "https://registry.npmjs.org/@esbuild/openbsd-x64/-/openbsd-x64-0.25.6.tgz",
			"integrity": "sha512-hKrmDa0aOFOr71KQ/19JC7az1P0GWtCN1t2ahYAf4O007DHZt/dW8ym5+CUdJhQ/qkZmI1HAF8KkJbEFtCL7gw==",
			"cpu": [
				"x64"
			],
			"dev": true,
			"license": "MIT",
			"optional": true,
			"os": [
				"openbsd"
			],
			"engines": {
				"node": ">=18"
			}
		},
		"node_modules/@esbuild/openharmony-arm64": {
			"version": "0.25.6",
			"resolved": "https://registry.npmjs.org/@esbuild/openharmony-arm64/-/openharmony-arm64-0.25.6.tgz",
			"integrity": "sha512-+SqBcAWoB1fYKmpWoQP4pGtx+pUUC//RNYhFdbcSA16617cchuryuhOCRpPsjCblKukAckWsV+aQ3UKT/RMPcA==",
			"cpu": [
				"arm64"
			],
			"dev": true,
			"license": "MIT",
			"optional": true,
			"os": [
				"openharmony"
			],
			"engines": {
				"node": ">=18"
			}
		},
		"node_modules/@esbuild/sunos-x64": {
			"version": "0.25.6",
			"resolved": "https://registry.npmjs.org/@esbuild/sunos-x64/-/sunos-x64-0.25.6.tgz",
			"integrity": "sha512-dyCGxv1/Br7MiSC42qinGL8KkG4kX0pEsdb0+TKhmJZgCUDBGmyo1/ArCjNGiOLiIAgdbWgmWgib4HoCi5t7kA==",
			"cpu": [
				"x64"
			],
			"dev": true,
			"license": "MIT",
			"optional": true,
			"os": [
				"sunos"
			],
			"engines": {
				"node": ">=18"
			}
		},
		"node_modules/@esbuild/win32-arm64": {
			"version": "0.25.6",
			"resolved": "https://registry.npmjs.org/@esbuild/win32-arm64/-/win32-arm64-0.25.6.tgz",
			"integrity": "sha512-42QOgcZeZOvXfsCBJF5Afw73t4veOId//XD3i+/9gSkhSV6Gk3VPlWncctI+JcOyERv85FUo7RxuxGy+z8A43Q==",
			"cpu": [
				"arm64"
			],
			"dev": true,
			"license": "MIT",
			"optional": true,
			"os": [
				"win32"
			],
			"engines": {
				"node": ">=18"
			}
		},
		"node_modules/@esbuild/win32-ia32": {
			"version": "0.25.6",
			"resolved": "https://registry.npmjs.org/@esbuild/win32-ia32/-/win32-ia32-0.25.6.tgz",
			"integrity": "sha512-4AWhgXmDuYN7rJI6ORB+uU9DHLq/erBbuMoAuB4VWJTu5KtCgcKYPynF0YI1VkBNuEfjNlLrFr9KZPJzrtLkrQ==",
			"cpu": [
				"ia32"
			],
			"dev": true,
			"license": "MIT",
			"optional": true,
			"os": [
				"win32"
			],
			"engines": {
				"node": ">=18"
			}
		},
		"node_modules/@esbuild/win32-x64": {
			"version": "0.25.6",
			"resolved": "https://registry.npmjs.org/@esbuild/win32-x64/-/win32-x64-0.25.6.tgz",
			"integrity": "sha512-NgJPHHbEpLQgDH2MjQu90pzW/5vvXIZ7KOnPyNBm92A6WgZ/7b6fJyUBjoumLqeOQQGqY2QjQxRo97ah4Sj0cA==",
			"cpu": [
				"x64"
			],
			"dev": true,
			"license": "MIT",
			"optional": true,
			"os": [
				"win32"
			],
			"engines": {
				"node": ">=18"
			}
		},
		"node_modules/@opentelemetry/api": {
			"version": "1.9.0",
			"resolved": "https://registry.npmjs.org/@opentelemetry/api/-/api-1.9.0.tgz",
			"integrity": "sha512-3giAOQvZiH5F9bMlMiv8+GSPMeqg0dbaeo58/0SlA9sxSqZhnUtxzX9/2FzyhS9sWQf5S0GJE0AKBrFqjpeYcg==",
			"license": "Apache-2.0",
			"engines": {
				"node": ">=8.0.0"
			}
		},
		"node_modules/@opentelemetry/api-logs": {
			"version": "0.57.2",
			"resolved": "https://registry.npmjs.org/@opentelemetry/api-logs/-/api-logs-0.57.2.tgz",
			"integrity": "sha512-uIX52NnTM0iBh84MShlpouI7UKqkZ7MrUszTmaypHBu4r7NofznSnQRfJ+uUeDtQDj6w8eFGg5KBLDAwAPz1+A==",
			"license": "Apache-2.0",
			"dependencies": {
				"@opentelemetry/api": "^1.3.0"
			},
			"engines": {
				"node": ">=14"
			}
		},
		"node_modules/@opentelemetry/core": {
			"version": "1.30.1",
			"resolved": "https://registry.npmjs.org/@opentelemetry/core/-/core-1.30.1.tgz",
			"integrity": "sha512-OOCM2C/QIURhJMuKaekP3TRBxBKxG/TWWA0TL2J6nXUtDnuCtccy49LUJF8xPFXMX+0LMcxFpCo8M9cGY1W6rQ==",
			"license": "Apache-2.0",
			"dependencies": {
				"@opentelemetry/semantic-conventions": "1.28.0"
			},
			"engines": {
				"node": ">=14"
			},
			"peerDependencies": {
				"@opentelemetry/api": ">=1.0.0 <1.10.0"
			}
		},
		"node_modules/@opentelemetry/core/node_modules/@opentelemetry/semantic-conventions": {
			"version": "1.28.0",
			"resolved": "https://registry.npmjs.org/@opentelemetry/semantic-conventions/-/semantic-conventions-1.28.0.tgz",
			"integrity": "sha512-lp4qAiMTD4sNWW4DbKLBkfiMZ4jbAboJIGOQr5DvciMRI494OapieI9qiODpOt0XBr1LjIDy1xAGAnVs5supTA==",
			"license": "Apache-2.0",
			"engines": {
				"node": ">=14"
			}
		},
		"node_modules/@opentelemetry/exporter-metrics-otlp-http": {
			"version": "0.57.2",
			"resolved": "https://registry.npmjs.org/@opentelemetry/exporter-metrics-otlp-http/-/exporter-metrics-otlp-http-0.57.2.tgz",
			"integrity": "sha512-ttb9+4iKw04IMubjm3t0EZsYRNWr3kg44uUuzfo9CaccYlOh8cDooe4QObDUkvx9d5qQUrbEckhrWKfJnKhemA==",
			"license": "Apache-2.0",
			"dependencies": {
				"@opentelemetry/core": "1.30.1",
				"@opentelemetry/otlp-exporter-base": "0.57.2",
				"@opentelemetry/otlp-transformer": "0.57.2",
				"@opentelemetry/resources": "1.30.1",
				"@opentelemetry/sdk-metrics": "1.30.1"
			},
			"engines": {
				"node": ">=14"
			},
			"peerDependencies": {
				"@opentelemetry/api": "^1.3.0"
			}
		},
		"node_modules/@opentelemetry/otlp-exporter-base": {
			"version": "0.57.2",
			"resolved": "https://registry.npmjs.org/@opentelemetry/otlp-exporter-base/-/otlp-exporter-base-0.57.2.tgz",
			"integrity": "sha512-XdxEzL23Urhidyebg5E6jZoaiW5ygP/mRjxLHixogbqwDy2Faduzb5N0o/Oi+XTIJu+iyxXdVORjXax+Qgfxag==",
			"license": "Apache-2.0",
			"dependencies": {
				"@opentelemetry/core": "1.30.1",
				"@opentelemetry/otlp-transformer": "0.57.2"
			},
			"engines": {
				"node": ">=14"
			},
			"peerDependencies": {
				"@opentelemetry/api": "^1.3.0"
			}
		},
		"node_modules/@opentelemetry/otlp-transformer": {
			"version": "0.57.2",
			"resolved": "https://registry.npmjs.org/@opentelemetry/otlp-transformer/-/otlp-transformer-0.57.2.tgz",
			"integrity": "sha512-48IIRj49gbQVK52jYsw70+Jv+JbahT8BqT2Th7C4H7RCM9d0gZ5sgNPoMpWldmfjvIsSgiGJtjfk9MeZvjhoig==",
			"license": "Apache-2.0",
			"dependencies": {
				"@opentelemetry/api-logs": "0.57.2",
				"@opentelemetry/core": "1.30.1",
				"@opentelemetry/resources": "1.30.1",
				"@opentelemetry/sdk-logs": "0.57.2",
				"@opentelemetry/sdk-metrics": "1.30.1",
				"@opentelemetry/sdk-trace-base": "1.30.1",
				"protobufjs": "^7.3.0"
			},
			"engines": {
				"node": ">=14"
			},
			"peerDependencies": {
				"@opentelemetry/api": "^1.3.0"
			}
		},
		"node_modules/@opentelemetry/resources": {
			"version": "1.30.1",
			"resolved": "https://registry.npmjs.org/@opentelemetry/resources/-/resources-1.30.1.tgz",
			"integrity": "sha512-5UxZqiAgLYGFjS4s9qm5mBVo433u+dSPUFWVWXmLAD4wB65oMCoXaJP1KJa9DIYYMeHu3z4BZcStG3LC593cWA==",
			"license": "Apache-2.0",
			"dependencies": {
				"@opentelemetry/core": "1.30.1",
				"@opentelemetry/semantic-conventions": "1.28.0"
			},
			"engines": {
				"node": ">=14"
			},
			"peerDependencies": {
				"@opentelemetry/api": ">=1.0.0 <1.10.0"
			}
		},
		"node_modules/@opentelemetry/resources/node_modules/@opentelemetry/semantic-conventions": {
			"version": "1.28.0",
			"resolved": "https://registry.npmjs.org/@opentelemetry/semantic-conventions/-/semantic-conventions-1.28.0.tgz",
			"integrity": "sha512-lp4qAiMTD4sNWW4DbKLBkfiMZ4jbAboJIGOQr5DvciMRI494OapieI9qiODpOt0XBr1LjIDy1xAGAnVs5supTA==",
			"license": "Apache-2.0",
			"engines": {
				"node": ">=14"
			}
		},
		"node_modules/@opentelemetry/sdk-logs": {
			"version": "0.57.2",
			"resolved": "https://registry.npmjs.org/@opentelemetry/sdk-logs/-/sdk-logs-0.57.2.tgz",
			"integrity": "sha512-TXFHJ5c+BKggWbdEQ/inpgIzEmS2BGQowLE9UhsMd7YYlUfBQJ4uax0VF/B5NYigdM/75OoJGhAV3upEhK+3gg==",
			"license": "Apache-2.0",
			"dependencies": {
				"@opentelemetry/api-logs": "0.57.2",
				"@opentelemetry/core": "1.30.1",
				"@opentelemetry/resources": "1.30.1"
			},
			"engines": {
				"node": ">=14"
			},
			"peerDependencies": {
				"@opentelemetry/api": ">=1.4.0 <1.10.0"
			}
		},
		"node_modules/@opentelemetry/sdk-metrics": {
			"version": "1.30.1",
			"resolved": "https://registry.npmjs.org/@opentelemetry/sdk-metrics/-/sdk-metrics-1.30.1.tgz",
			"integrity": "sha512-q9zcZ0Okl8jRgmy7eNW3Ku1XSgg3sDLa5evHZpCwjspw7E8Is4K/haRPDJrBcX3YSn/Y7gUvFnByNYEKQNbNog==",
			"license": "Apache-2.0",
			"dependencies": {
				"@opentelemetry/core": "1.30.1",
				"@opentelemetry/resources": "1.30.1"
			},
			"engines": {
				"node": ">=14"
			},
			"peerDependencies": {
				"@opentelemetry/api": ">=1.3.0 <1.10.0"
			}
		},
		"node_modules/@opentelemetry/sdk-trace-base": {
			"version": "1.30.1",
			"resolved": "https://registry.npmjs.org/@opentelemetry/sdk-trace-base/-/sdk-trace-base-1.30.1.tgz",
			"integrity": "sha512-jVPgBbH1gCy2Lb7X0AVQ8XAfgg0pJ4nvl8/IiQA6nxOsPvS+0zMJaFSs2ltXe0J6C8dqjcnpyqINDJmU30+uOg==",
			"license": "Apache-2.0",
			"dependencies": {
				"@opentelemetry/core": "1.30.1",
				"@opentelemetry/resources": "1.30.1",
				"@opentelemetry/semantic-conventions": "1.28.0"
			},
			"engines": {
				"node": ">=14"
			},
			"peerDependencies": {
				"@opentelemetry/api": ">=1.0.0 <1.10.0"
			}
		},
		"node_modules/@opentelemetry/sdk-trace-base/node_modules/@opentelemetry/semantic-conventions": {
			"version": "1.28.0",
			"resolved": "https://registry.npmjs.org/@opentelemetry/semantic-conventions/-/semantic-conventions-1.28.0.tgz",
			"integrity": "sha512-lp4qAiMTD4sNWW4DbKLBkfiMZ4jbAboJIGOQr5DvciMRI494OapieI9qiODpOt0XBr1LjIDy1xAGAnVs5supTA==",
			"license": "Apache-2.0",
			"engines": {
				"node": ">=14"
			}
		},
		"node_modules/@opentelemetry/semantic-conventions": {
			"version": "1.30.0",
			"resolved": "https://registry.npmjs.org/@opentelemetry/semantic-conventions/-/semantic-conventions-1.30.0.tgz",
			"integrity": "sha512-4VlGgo32k2EQ2wcCY3vEU28A0O13aOtHz3Xt2/2U5FAh9EfhD6t6DqL5Z6yAnRCntbTFDU4YfbpyzSlHNWycPw==",
			"license": "Apache-2.0",
			"engines": {
				"node": ">=14"
			}
		},
		"node_modules/@protobufjs/aspromise": {
			"version": "1.1.2",
			"resolved": "https://registry.npmjs.org/@protobufjs/aspromise/-/aspromise-1.1.2.tgz",
			"integrity": "sha512-j+gKExEuLmKwvz3OgROXtrJ2UG2x8Ch2YZUxahh+s1F2HZ+wAceUNLkvy6zKCPVRkU++ZWQrdxsUeQXmcg4uoQ==",
			"license": "BSD-3-Clause"
		},
		"node_modules/@protobufjs/base64": {
			"version": "1.1.2",
			"resolved": "https://registry.npmjs.org/@protobufjs/base64/-/base64-1.1.2.tgz",
			"integrity": "sha512-AZkcAA5vnN/v4PDqKyMR5lx7hZttPDgClv83E//FMNhR2TMcLUhfRUBHCmSl0oi9zMgDDqRUJkSxO3wm85+XLg==",
			"license": "BSD-3-Clause"
		},
		"node_modules/@protobufjs/codegen": {
			"version": "2.0.4",
			"resolved": "https://registry.npmjs.org/@protobufjs/codegen/-/codegen-2.0.4.tgz",
			"integrity": "sha512-YyFaikqM5sH0ziFZCN3xDC7zeGaB/d0IUb9CATugHWbd1FRFwWwt4ld4OYMPWu5a3Xe01mGAULCdqhMlPl29Jg==",
			"license": "BSD-3-Clause"
		},
		"node_modules/@protobufjs/eventemitter": {
			"version": "1.1.0",
			"resolved": "https://registry.npmjs.org/@protobufjs/eventemitter/-/eventemitter-1.1.0.tgz",
			"integrity": "sha512-j9ednRT81vYJ9OfVuXG6ERSTdEL1xVsNgqpkxMsbIabzSo3goCjDIveeGv5d03om39ML71RdmrGNjG5SReBP/Q==",
			"license": "BSD-3-Clause"
		},
		"node_modules/@protobufjs/fetch": {
			"version": "1.1.0",
			"resolved": "https://registry.npmjs.org/@protobufjs/fetch/-/fetch-1.1.0.tgz",
			"integrity": "sha512-lljVXpqXebpsijW71PZaCYeIcE5on1w5DlQy5WH6GLbFryLUrBD4932W/E2BSpfRJWseIL4v/KPgBFxDOIdKpQ==",
			"license": "BSD-3-Clause",
			"dependencies": {
				"@protobufjs/aspromise": "^1.1.1",
				"@protobufjs/inquire": "^1.1.0"
			}
		},
		"node_modules/@protobufjs/float": {
			"version": "1.0.2",
			"resolved": "https://registry.npmjs.org/@protobufjs/float/-/float-1.0.2.tgz",
			"integrity": "sha512-Ddb+kVXlXst9d+R9PfTIxh1EdNkgoRe5tOX6t01f1lYWOvJnSPDBlG241QLzcyPdoNTsblLUdujGSE4RzrTZGQ==",
			"license": "BSD-3-Clause"
		},
		"node_modules/@protobufjs/inquire": {
			"version": "1.1.0",
			"resolved": "https://registry.npmjs.org/@protobufjs/inquire/-/inquire-1.1.0.tgz",
			"integrity": "sha512-kdSefcPdruJiFMVSbn801t4vFK7KB/5gd2fYvrxhuJYg8ILrmn9SKSX2tZdV6V+ksulWqS7aXjBcRXl3wHoD9Q==",
			"license": "BSD-3-Clause"
		},
		"node_modules/@protobufjs/path": {
			"version": "1.1.2",
			"resolved": "https://registry.npmjs.org/@protobufjs/path/-/path-1.1.2.tgz",
			"integrity": "sha512-6JOcJ5Tm08dOHAbdR3GrvP+yUUfkjG5ePsHYczMFLq3ZmMkAD98cDgcT2iA1lJ9NVwFd4tH/iSSoe44YWkltEA==",
			"license": "BSD-3-Clause"
		},
		"node_modules/@protobufjs/pool": {
			"version": "1.1.0",
			"resolved": "https://registry.npmjs.org/@protobufjs/pool/-/pool-1.1.0.tgz",
			"integrity": "sha512-0kELaGSIDBKvcgS4zkjz1PeddatrjYcmMWOlAuAPwAeccUrPHdUqo/J6LiymHHEiJT5NrF1UVwxY14f+fy4WQw==",
			"license": "BSD-3-Clause"
		},
		"node_modules/@protobufjs/utf8": {
			"version": "1.1.0",
			"resolved": "https://registry.npmjs.org/@protobufjs/utf8/-/utf8-1.1.0.tgz",
			"integrity": "sha512-Vvn3zZrhQZkkBE8LSuW3em98c0FwgO4nxzv6OdSxPKJIEKY2bGbHn+mhGIPerzI4twdxaP8/0+06HBpwf345Lw==",
			"license": "BSD-3-Clause"
		},
		"node_modules/@rayyamhk/complex": {
			"version": "1.0.10",
			"resolved": "https://registry.npmjs.org/@rayyamhk/complex/-/complex-1.0.10.tgz",
			"integrity": "sha512-0HGH6SDcOd34zQVO97pfnIU6ul/qu0WkShZdupLLS3e5IEyNSkaX7mgVsDcWLpFNxLRs5RL2wS7iIYbsEp9MZg==",
			"license": "MIT"
		},
		"node_modules/@rayyamhk/matrix": {
			"version": "1.0.8",
			"resolved": "https://registry.npmjs.org/@rayyamhk/matrix/-/matrix-1.0.8.tgz",
			"integrity": "sha512-EIvEnmcL4q5FMb/g20/FxoZnewkbiiSY4S0+TWu+jkAKF4E/p8ocUN3CET0AXUVJwaA7t8drtBwGNFE8qAgAxg==",
			"license": "MIT",
			"dependencies": {
				"@rayyamhk/complex": "1.0.10"
			}
		},
		"node_modules/@types/node": {
			"version": "22.13.4",
			"resolved": "https://registry.npmjs.org/@types/node/-/node-22.13.4.tgz",
			"integrity": "sha512-ywP2X0DYtX3y08eFVx5fNIw7/uIv8hYUKgXoK8oayJlLnKcRfEYCxWMVE1XagUdVtCJlZT1AU4LXEABW+L1Peg==",
			"license": "MIT",
			"dependencies": {
				"undici-types": "~6.20.0"
			}
		},
		"node_modules/esbuild": {
			"version": "0.25.6",
			"resolved": "https://registry.npmjs.org/esbuild/-/esbuild-0.25.6.tgz",
			"integrity": "sha512-GVuzuUwtdsghE3ocJ9Bs8PNoF13HNQ5TXbEi2AhvVb8xU1Iwt9Fos9FEamfoee+u/TOsn7GUWc04lz46n2bbTg==",
			"dev": true,
			"hasInstallScript": true,
			"license": "MIT",
			"bin": {
				"esbuild": "bin/esbuild"
			},
			"engines": {
				"node": ">=18"
			},
			"optionalDependencies": {
				"@esbuild/aix-ppc64": "0.25.6",
				"@esbuild/android-arm": "0.25.6",
				"@esbuild/android-arm64": "0.25.6",
				"@esbuild/android-x64": "0.25.6",
				"@esbuild/darwin-arm64": "0.25.6",
				"@esbuild/darwin-x64": "0.25.6",
				"@esbuild/freebsd-arm64": "0.25.6",
				"@esbuild/freebsd-x64": "0.25.6",
				"@esbuild/linux-arm": "0.25.6",
				"@esbuild/linux-arm64": "0.25.6",
				"@esbuild/linux-ia32": "0.25.6",
				"@esbuild/linux-loong64": "0.25.6",
				"@esbuild/linux-mips64el": "0.25.6",
				"@esbuild/linux-ppc64": "0.25.6",
				"@esbuild/linux-riscv64": "0.25.6",
				"@esbuild/linux-s390x": "0.25.6",
				"@esbuild/linux-x64": "0.25.6",
				"@esbuild/netbsd-arm64": "0.25.6",
				"@esbuild/netbsd-x64": "0.25.6",
				"@esbuild/openbsd-arm64": "0.25.6",
				"@esbuild/openbsd-x64": "0.25.6",
				"@esbuild/openharmony-arm64": "0.25.6",
				"@esbuild/sunos-x64": "0.25.6",
				"@esbuild/win32-arm64": "0.25.6",
				"@esbuild/win32-ia32": "0.25.6",
				"@esbuild/win32-x64": "0.25.6"
			}
		},
		"node_modules/kalman-filter": {
			"version": "2.3.0",
			"resolved": "https://registry.npmjs.org/kalman-filter/-/kalman-filter-2.3.0.tgz",
			"integrity": "sha512-DcH0LcuJdU8uo9w8VaJvoDTQ5HtgpPAIpt81/3fP/zYBrfQVgQOa566ZVOeM6x93t5s95kByeEY26my4SrpH7w==",
			"license": "MIT",
			"dependencies": {
				"@rayyamhk/matrix": "^1.0.5",
				"matrix-inverse": "^2.0.0",
				"simple-linalg": "^1.2.0"
			}
		},
		"node_modules/kalmanjs": {
			"version": "1.1.0",
			"resolved": "https://registry.npmjs.org/kalmanjs/-/kalmanjs-1.1.0.tgz",
			"integrity": "sha512-Gkm2DAKIX8geuDcEJ92e80EmQ6TyIzWBJk6AFk+aDLofQ4G/KoDe1RCY9WMuXFe0NQxsTi7HYh9BVQneOtlvkg==",
			"license": "MIT"
		},
		"node_modules/long": {
			"version": "5.3.1",
			"resolved": "https://registry.npmjs.org/long/-/long-5.3.1.tgz",
			"integrity": "sha512-ka87Jz3gcx/I7Hal94xaN2tZEOPoUOEVftkQqZx2EeQRN7LGdfLlI3FvZ+7WDplm+vK2Urx9ULrvSowtdCieng==",
			"license": "Apache-2.0"
		},
		"node_modules/matrix-inverse": {
			"version": "2.0.0",
			"resolved": "https://registry.npmjs.org/matrix-inverse/-/matrix-inverse-2.0.0.tgz",
			"integrity": "sha512-iUZfjmnAEDah54qLlj63PYFnZvcCwW+mhfYgf3KrtDn1ruyVE5vFrEeJ77RfsHaqMN/L3ZLnP+5/O2E7bgKEvQ==",
			"license": "MIT"
		},
		"node_modules/protobufjs": {
			"version": "7.4.0",
			"resolved": "https://registry.npmjs.org/protobufjs/-/protobufjs-7.4.0.tgz",
			"integrity": "sha512-mRUWCc3KUU4w1jU8sGxICXH/gNS94DvI1gxqDvBzhj1JpcsimQkYiOJfwsPUykUI5ZaspFbSgmBLER8IrQ3tqw==",
			"hasInstallScript": true,
			"license": "BSD-3-Clause",
			"dependencies": {
				"@protobufjs/aspromise": "^1.1.2",
				"@protobufjs/base64": "^1.1.2",
				"@protobufjs/codegen": "^2.0.4",
				"@protobufjs/eventemitter": "^1.1.0",
				"@protobufjs/fetch": "^1.1.0",
				"@protobufjs/float": "^1.0.2",
				"@protobufjs/inquire": "^1.1.0",
				"@protobufjs/path": "^1.1.2",
				"@protobufjs/pool": "^1.1.0",
				"@protobufjs/utf8": "^1.1.0",
				"@types/node": ">=13.7.0",
				"long": "^5.0.0"
			},
			"engines": {
				"node": ">=12.0.0"
			}
		},
		"node_modules/simple-linalg": {
			"version": "1.5.0",
			"resolved": "https://registry.npmjs.org/simple-linalg/-/simple-linalg-1.5.0.tgz",
			"integrity": "sha512-jeuUoszKtkcNyohIkXNEY5LEWdH6s8YQif8iTzh37cNOP7kqStORz4jziXOvCde9Y0VR+Zm06DkEaHtT1x12WQ==",
			"license": "MIT",
			"dependencies": {
				"matrix-inverse": "^2.0.0"
			}
		},
		"node_modules/typescript": {
			"version": "5.8.3",
			"resolved": "https://registry.npmjs.org/typescript/-/typescript-5.8.3.tgz",
			"integrity": "sha512-p1diW6TqL9L07nNxvRMM7hMMw4c5XOo/1ibL4aAIGmSAt9slTE1Xgw5KWuof2uTOvCg9BY7ZRi+GaF+7sfgPeQ==",
			"dev": true,
			"license": "Apache-2.0",
			"bin": {
				"tsc": "bin/tsc",
				"tsserver": "bin/tsserver"
			},
			"engines": {
				"node": ">=14.17"
			}
		},
		"node_modules/undici-types": {
			"version": "6.20.0",
			"resolved": "https://registry.npmjs.org/undici-types/-/undici-types-6.20.0.tgz",
			"integrity": "sha512-Ny6QZ2Nju20vw1SRHe3d9jVu6gJ+4e3+MMpqu7pqE5HT6WsTSlce++GQmK5UXS8mzV8DSYHrQH+Xrf2jVcuKNg==",
			"license": "MIT"
		}
	}
}
